// !$*UTF8*$!
{
	archiveVersion = 1;
	classes = {
	};
	objectVersion = 50;
	objects = {

/* Begin PBXBuildFile section */
		096DA6D6224C177F007590CC /* AccountSettingsView.swift in Sources */ = {isa = PBXBuildFile; fileRef = 096DA6D5224C177F007590CC /* AccountSettingsView.swift */; };
		096DA6D8224C1798007590CC /* DetailAccountView.swift in Sources */ = {isa = PBXBuildFile; fileRef = 096DA6D7224C1798007590CC /* DetailAccountView.swift */; };
		096DA6DA224C472E007590CC /* StorageServices.swift in Sources */ = {isa = PBXBuildFile; fileRef = 096DA6D9224C472E007590CC /* StorageServices.swift */; };
		55178F7E224BDD9F001D6BB3 /* AppDelegate.swift in Sources */ = {isa = PBXBuildFile; fileRef = 55178F7D224BDD9F001D6BB3 /* AppDelegate.swift */; };
		55178F83224BDD9F001D6BB3 /* Main.storyboard in Resources */ = {isa = PBXBuildFile; fileRef = 55178F81224BDD9F001D6BB3 /* Main.storyboard */; };
		55178F85224BDDA2001D6BB3 /* Assets.xcassets in Resources */ = {isa = PBXBuildFile; fileRef = 55178F84224BDDA2001D6BB3 /* Assets.xcassets */; };
		55178F88224BDDA2001D6BB3 /* LaunchScreen.storyboard in Resources */ = {isa = PBXBuildFile; fileRef = 55178F86224BDDA2001D6BB3 /* LaunchScreen.storyboard */; };
		55178F93224BDE0A001D6BB3 /* MainPageViewController.swift in Sources */ = {isa = PBXBuildFile; fileRef = 55178F92224BDE0A001D6BB3 /* MainPageViewController.swift */; };
		55178F95224BDE43001D6BB3 /* MainDetailViewController.swift in Sources */ = {isa = PBXBuildFile; fileRef = 55178F94224BDE43001D6BB3 /* MainDetailViewController.swift */; };
		55178F97224BDE5B001D6BB3 /* FriendsViewController.swift in Sources */ = {isa = PBXBuildFile; fileRef = 55178F96224BDE5B001D6BB3 /* FriendsViewController.swift */; };
		55178F99224BDE79001D6BB3 /* FriendsDetailViewController.swift in Sources */ = {isa = PBXBuildFile; fileRef = 55178F98224BDE79001D6BB3 /* FriendsDetailViewController.swift */; };
		55178F9B224BDE96001D6BB3 /* FirendsCollectionViewCell.swift in Sources */ = {isa = PBXBuildFile; fileRef = 55178F9A224BDE96001D6BB3 /* FirendsCollectionViewCell.swift */; };
		55178F9E224BDEE1001D6BB3 /* HistroyDetailTableViewCell.swift in Sources */ = {isa = PBXBuildFile; fileRef = 55178F9D224BDEE1001D6BB3 /* HistroyDetailTableViewCell.swift */; };
		55178FA1224BDF1C001D6BB3 /* PaymentView.swift in Sources */ = {isa = PBXBuildFile; fileRef = 55178FA0224BDF1C001D6BB3 /* PaymentView.swift */; };
		55178FA4224BDF3D001D6BB3 /* RequestView.swift in Sources */ = {isa = PBXBuildFile; fileRef = 55178FA3224BDF3D001D6BB3 /* RequestView.swift */; };
		55178FA6224BE010001D6BB3 /* AccountSettingsViewController.swift in Sources */ = {isa = PBXBuildFile; fileRef = 55178FA5224BE010001D6BB3 /* AccountSettingsViewController.swift */; };
		55178FA8224BE02C001D6BB3 /* DetailAccountViewController.swift in Sources */ = {isa = PBXBuildFile; fileRef = 55178FA7224BE02C001D6BB3 /* DetailAccountViewController.swift */; };
		55178FAB224BEF79001D6BB3 /* LoginViewController.swift in Sources */ = {isa = PBXBuildFile; fileRef = 55178FAA224BEF79001D6BB3 /* LoginViewController.swift */; };
		55178FAD224BEF86001D6BB3 /* CreateViewController.swift in Sources */ = {isa = PBXBuildFile; fileRef = 55178FAC224BEF86001D6BB3 /* CreateViewController.swift */; };
		55178FAF224BEFB8001D6BB3 /* login.storyboard in Resources */ = {isa = PBXBuildFile; fileRef = 55178FAE224BEFB8001D6BB3 /* login.storyboard */; };
		55178FB2224BF043001D6BB3 /* AuthSerice.swift in Sources */ = {isa = PBXBuildFile; fileRef = 55178FB1224BF043001D6BB3 /* AuthSerice.swift */; };
		55178FB4224BF587001D6BB3 /* DBService+User.swift in Sources */ = {isa = PBXBuildFile; fileRef = 55178FB3224BF587001D6BB3 /* DBService+User.swift */; };
		55178FB6224BF5B3001D6BB3 /* DBService.swift in Sources */ = {isa = PBXBuildFile; fileRef = 55178FB5224BF5B3001D6BB3 /* DBService.swift */; };
		55178FB8224BF5E2001D6BB3 /* CCUser.swift in Sources */ = {isa = PBXBuildFile; fileRef = 55178FB7224BF5E2001D6BB3 /* CCUser.swift */; };
		55178FBB224BFB7A001D6BB3 /* Date+Ext.swift in Sources */ = {isa = PBXBuildFile; fileRef = 55178FBA224BFB7A001D6BB3 /* Date+Ext.swift */; };
		55178FBF224C013F001D6BB3 /* Extention+Alert.swift in Sources */ = {isa = PBXBuildFile; fileRef = 55178FBE224C013F001D6BB3 /* Extention+Alert.swift */; };
		55178FC1224C016F001D6BB3 /* Extention+Navegation.swift in Sources */ = {isa = PBXBuildFile; fileRef = 55178FC0224C016F001D6BB3 /* Extention+Navegation.swift */; };
		55178FC3224C01AD001D6BB3 /* TabBarController.swift in Sources */ = {isa = PBXBuildFile; fileRef = 55178FC2224C01AD001D6BB3 /* TabBarController.swift */; };
		55178FC7224C070A001D6BB3 /* GoogleService-Info.plist in Resources */ = {isa = PBXBuildFile; fileRef = 55178FC6224C070A001D6BB3 /* GoogleService-Info.plist */; };
		5587785E224CE554005E62A7 /* PaymentViewController.swift in Sources */ = {isa = PBXBuildFile; fileRef = 5587785D224CE554005E62A7 /* PaymentViewController.swift */; };
		55877860224CE56F005E62A7 /* RequestViewController.swift in Sources */ = {isa = PBXBuildFile; fileRef = 5587785F224CE56F005E62A7 /* RequestViewController.swift */; };
		55877864224D18A7005E62A7 /* PaymentToCollectionViewCell.swift in Sources */ = {isa = PBXBuildFile; fileRef = 55877863224D18A7005E62A7 /* PaymentToCollectionViewCell.swift */; };
		55877866224D18E3005E62A7 /* FriendPaymentView.swift in Sources */ = {isa = PBXBuildFile; fileRef = 55877865224D18E3005E62A7 /* FriendPaymentView.swift */; };
		55877868224D191E005E62A7 /* FreindPaymentToViewController.swift in Sources */ = {isa = PBXBuildFile; fileRef = 55877867224D191E005E62A7 /* FreindPaymentToViewController.swift */; };
		5587786A224D54E4005E62A7 /* FinalPaymentViewController.swift in Sources */ = {isa = PBXBuildFile; fileRef = 55877869224D54E4005E62A7 /* FinalPaymentViewController.swift */; };
		6754F3C7224D5F8200A32075 /* LabelTableViewCell.swift in Sources */ = {isa = PBXBuildFile; fileRef = 6754F3C6224D5F8200A32075 /* LabelTableViewCell.swift */; };
		67FD3B2C224C179A00088228 /* FriendView.swift in Sources */ = {isa = PBXBuildFile; fileRef = 67FD3B2B224C179A00088228 /* FriendView.swift */; };
		67FD3B2E224C3A1900088228 /* FriendDetailView.swift in Sources */ = {isa = PBXBuildFile; fileRef = 67FD3B2D224C3A1900088228 /* FriendDetailView.swift */; };
		A4E48C49E04BBC7D07D6E63F /* Pods_FellowsCC.framework in Frameworks */ = {isa = PBXBuildFile; fileRef = B39D3DDACFCCDAAF54E3D02A /* Pods_FellowsCC.framework */; };
/* End PBXBuildFile section */

/* Begin PBXFileReference section */
		096DA6D5224C177F007590CC /* AccountSettingsView.swift */ = {isa = PBXFileReference; lastKnownFileType = sourcecode.swift; path = AccountSettingsView.swift; sourceTree = "<group>"; };
		096DA6D7224C1798007590CC /* DetailAccountView.swift */ = {isa = PBXFileReference; lastKnownFileType = sourcecode.swift; path = DetailAccountView.swift; sourceTree = "<group>"; };
		096DA6D9224C472E007590CC /* StorageServices.swift */ = {isa = PBXFileReference; lastKnownFileType = sourcecode.swift; path = StorageServices.swift; sourceTree = "<group>"; };
		4EF7CF0150D6B7E408F81F22 /* Pods-FellowsCC.release.xcconfig */ = {isa = PBXFileReference; includeInIndex = 1; lastKnownFileType = text.xcconfig; name = "Pods-FellowsCC.release.xcconfig"; path = "Target Support Files/Pods-FellowsCC/Pods-FellowsCC.release.xcconfig"; sourceTree = "<group>"; };
		55178F7A224BDD9F001D6BB3 /* FellowsCC.app */ = {isa = PBXFileReference; explicitFileType = wrapper.application; includeInIndex = 0; path = FellowsCC.app; sourceTree = BUILT_PRODUCTS_DIR; };
		55178F7D224BDD9F001D6BB3 /* AppDelegate.swift */ = {isa = PBXFileReference; lastKnownFileType = sourcecode.swift; path = AppDelegate.swift; sourceTree = "<group>"; };
		55178F82224BDD9F001D6BB3 /* Base */ = {isa = PBXFileReference; lastKnownFileType = file.storyboard; name = Base; path = Base.lproj/Main.storyboard; sourceTree = "<group>"; };
		55178F84224BDDA2001D6BB3 /* Assets.xcassets */ = {isa = PBXFileReference; lastKnownFileType = folder.assetcatalog; path = Assets.xcassets; sourceTree = "<group>"; };
		55178F87224BDDA2001D6BB3 /* Base */ = {isa = PBXFileReference; lastKnownFileType = file.storyboard; name = Base; path = Base.lproj/LaunchScreen.storyboard; sourceTree = "<group>"; };
		55178F89224BDDA2001D6BB3 /* Info.plist */ = {isa = PBXFileReference; lastKnownFileType = text.plist.xml; path = Info.plist; sourceTree = "<group>"; };
		55178F92224BDE0A001D6BB3 /* MainPageViewController.swift */ = {isa = PBXFileReference; lastKnownFileType = sourcecode.swift; path = MainPageViewController.swift; sourceTree = "<group>"; };
		55178F94224BDE43001D6BB3 /* MainDetailViewController.swift */ = {isa = PBXFileReference; lastKnownFileType = sourcecode.swift; path = MainDetailViewController.swift; sourceTree = "<group>"; };
		55178F96224BDE5B001D6BB3 /* FriendsViewController.swift */ = {isa = PBXFileReference; lastKnownFileType = sourcecode.swift; path = FriendsViewController.swift; sourceTree = "<group>"; };
		55178F98224BDE79001D6BB3 /* FriendsDetailViewController.swift */ = {isa = PBXFileReference; lastKnownFileType = sourcecode.swift; path = FriendsDetailViewController.swift; sourceTree = "<group>"; };
		55178F9A224BDE96001D6BB3 /* FirendsCollectionViewCell.swift */ = {isa = PBXFileReference; lastKnownFileType = sourcecode.swift; path = FirendsCollectionViewCell.swift; sourceTree = "<group>"; };
		55178F9D224BDEE1001D6BB3 /* HistroyDetailTableViewCell.swift */ = {isa = PBXFileReference; lastKnownFileType = sourcecode.swift; path = HistroyDetailTableViewCell.swift; sourceTree = "<group>"; };
		55178FA0224BDF1C001D6BB3 /* PaymentView.swift */ = {isa = PBXFileReference; lastKnownFileType = sourcecode.swift; path = PaymentView.swift; sourceTree = "<group>"; };
		55178FA3224BDF3D001D6BB3 /* RequestView.swift */ = {isa = PBXFileReference; lastKnownFileType = sourcecode.swift; path = RequestView.swift; sourceTree = "<group>"; };
		55178FA5224BE010001D6BB3 /* AccountSettingsViewController.swift */ = {isa = PBXFileReference; lastKnownFileType = sourcecode.swift; path = AccountSettingsViewController.swift; sourceTree = "<group>"; };
		55178FA7224BE02C001D6BB3 /* DetailAccountViewController.swift */ = {isa = PBXFileReference; lastKnownFileType = sourcecode.swift; path = DetailAccountViewController.swift; sourceTree = "<group>"; };
		55178FAA224BEF79001D6BB3 /* LoginViewController.swift */ = {isa = PBXFileReference; lastKnownFileType = sourcecode.swift; path = LoginViewController.swift; sourceTree = "<group>"; };
		55178FAC224BEF86001D6BB3 /* CreateViewController.swift */ = {isa = PBXFileReference; lastKnownFileType = sourcecode.swift; path = CreateViewController.swift; sourceTree = "<group>"; };
		55178FAE224BEFB8001D6BB3 /* login.storyboard */ = {isa = PBXFileReference; lastKnownFileType = file.storyboard; path = login.storyboard; sourceTree = "<group>"; };
		55178FB1224BF043001D6BB3 /* AuthSerice.swift */ = {isa = PBXFileReference; lastKnownFileType = sourcecode.swift; path = AuthSerice.swift; sourceTree = "<group>"; };
		55178FB3224BF587001D6BB3 /* DBService+User.swift */ = {isa = PBXFileReference; lastKnownFileType = sourcecode.swift; path = "DBService+User.swift"; sourceTree = "<group>"; };
		55178FB5224BF5B3001D6BB3 /* DBService.swift */ = {isa = PBXFileReference; lastKnownFileType = sourcecode.swift; path = DBService.swift; sourceTree = "<group>"; };
		55178FB7224BF5E2001D6BB3 /* CCUser.swift */ = {isa = PBXFileReference; lastKnownFileType = sourcecode.swift; path = CCUser.swift; sourceTree = "<group>"; };
		55178FBA224BFB7A001D6BB3 /* Date+Ext.swift */ = {isa = PBXFileReference; lastKnownFileType = sourcecode.swift; path = "Date+Ext.swift"; sourceTree = "<group>"; };
		55178FBE224C013F001D6BB3 /* Extention+Alert.swift */ = {isa = PBXFileReference; lastKnownFileType = sourcecode.swift; path = "Extention+Alert.swift"; sourceTree = "<group>"; };
		55178FC0224C016F001D6BB3 /* Extention+Navegation.swift */ = {isa = PBXFileReference; lastKnownFileType = sourcecode.swift; path = "Extention+Navegation.swift"; sourceTree = "<group>"; };
		55178FC2224C01AD001D6BB3 /* TabBarController.swift */ = {isa = PBXFileReference; lastKnownFileType = sourcecode.swift; path = TabBarController.swift; sourceTree = "<group>"; };
		55178FC6224C070A001D6BB3 /* GoogleService-Info.plist */ = {isa = PBXFileReference; fileEncoding = 4; lastKnownFileType = text.plist.xml; path = "GoogleService-Info.plist"; sourceTree = "<group>"; };
		5587785D224CE554005E62A7 /* PaymentViewController.swift */ = {isa = PBXFileReference; lastKnownFileType = sourcecode.swift; path = PaymentViewController.swift; sourceTree = "<group>"; };
		5587785F224CE56F005E62A7 /* RequestViewController.swift */ = {isa = PBXFileReference; lastKnownFileType = sourcecode.swift; path = RequestViewController.swift; sourceTree = "<group>"; };
		55877863224D18A7005E62A7 /* PaymentToCollectionViewCell.swift */ = {isa = PBXFileReference; lastKnownFileType = sourcecode.swift; path = PaymentToCollectionViewCell.swift; sourceTree = "<group>"; };
		55877865224D18E3005E62A7 /* FriendPaymentView.swift */ = {isa = PBXFileReference; lastKnownFileType = sourcecode.swift; path = FriendPaymentView.swift; sourceTree = "<group>"; };
		55877867224D191E005E62A7 /* FreindPaymentToViewController.swift */ = {isa = PBXFileReference; lastKnownFileType = sourcecode.swift; path = FreindPaymentToViewController.swift; sourceTree = "<group>"; };
		55877869224D54E4005E62A7 /* FinalPaymentViewController.swift */ = {isa = PBXFileReference; lastKnownFileType = sourcecode.swift; path = FinalPaymentViewController.swift; sourceTree = "<group>"; };
		6754F3C6224D5F8200A32075 /* LabelTableViewCell.swift */ = {isa = PBXFileReference; lastKnownFileType = sourcecode.swift; path = LabelTableViewCell.swift; sourceTree = "<group>"; };
		67FD3B2B224C179A00088228 /* FriendView.swift */ = {isa = PBXFileReference; lastKnownFileType = sourcecode.swift; path = FriendView.swift; sourceTree = "<group>"; };
		67FD3B2D224C3A1900088228 /* FriendDetailView.swift */ = {isa = PBXFileReference; lastKnownFileType = sourcecode.swift; path = FriendDetailView.swift; sourceTree = "<group>"; };
		74BA1614CD8E68AA494A4AFC /* Pods-FellowsCC.debug.xcconfig */ = {isa = PBXFileReference; includeInIndex = 1; lastKnownFileType = text.xcconfig; name = "Pods-FellowsCC.debug.xcconfig"; path = "Target Support Files/Pods-FellowsCC/Pods-FellowsCC.debug.xcconfig"; sourceTree = "<group>"; };
		B39D3DDACFCCDAAF54E3D02A /* Pods_FellowsCC.framework */ = {isa = PBXFileReference; explicitFileType = wrapper.framework; includeInIndex = 0; path = Pods_FellowsCC.framework; sourceTree = BUILT_PRODUCTS_DIR; };
/* End PBXFileReference section */

/* Begin PBXFrameworksBuildPhase section */
		55178F77224BDD9F001D6BB3 /* Frameworks */ = {
			isa = PBXFrameworksBuildPhase;
			buildActionMask = 2147483647;
			files = (
				A4E48C49E04BBC7D07D6E63F /* Pods_FellowsCC.framework in Frameworks */,
			);
			runOnlyForDeploymentPostprocessing = 0;
		};
/* End PBXFrameworksBuildPhase section */

/* Begin PBXGroup section */
		0A1CCD2A8323F58E667A86B7 /* Frameworks */ = {
			isa = PBXGroup;
			children = (
				B39D3DDACFCCDAAF54E3D02A /* Pods_FellowsCC.framework */,
			);
			name = Frameworks;
			sourceTree = "<group>";
		};
		55178F71224BDD9F001D6BB3 = {
			isa = PBXGroup;
			children = (
				55178F7C224BDD9F001D6BB3 /* FellowsCC */,
				55178F7B224BDD9F001D6BB3 /* Products */,
				605439363A4B3401FCDD6A92 /* Pods */,
				0A1CCD2A8323F58E667A86B7 /* Frameworks */,
			);
			sourceTree = "<group>";
		};
		55178F7B224BDD9F001D6BB3 /* Products */ = {
			isa = PBXGroup;
			children = (
				55178F7A224BDD9F001D6BB3 /* FellowsCC.app */,
			);
			name = Products;
			sourceTree = "<group>";
		};
		55178F7C224BDD9F001D6BB3 /* FellowsCC */ = {
			isa = PBXGroup;
			children = (
				55178F7D224BDD9F001D6BB3 /* AppDelegate.swift */,
				55178FB9224BFB63001D6BB3 /* Date+Ext */,
				55178FB0224BF023001D6BB3 /* FireBase Files */,
				55178FA9224BEF5B001D6BB3 /* LoginSetUp */,
				55178F8F224BDDB3001D6BB3 /* Main Page */,
				55178F90224BDDC8001D6BB3 /* FriendsPage */,
				67FD3B2B224C179A00088228 /* FriendView.swift */,
				67FD3B2D224C3A1900088228 /* FriendDetailView.swift */,
				6754F3C6224D5F8200A32075 /* LabelTableViewCell.swift */,
				55178FA2224BDF20001D6BB3 /* Pay/RequestView */,
				55178F91224BDDE4001D6BB3 /* Settings */,
				55178F81224BDD9F001D6BB3 /* Main.storyboard */,
				55178FAE224BEFB8001D6BB3 /* login.storyboard */,
				55178F84224BDDA2001D6BB3 /* Assets.xcassets */,
				55178F86224BDDA2001D6BB3 /* LaunchScreen.storyboard */,
				55178FC6224C070A001D6BB3 /* GoogleService-Info.plist */,
				55178F89224BDDA2001D6BB3 /* Info.plist */,
			);
			path = FellowsCC;
			sourceTree = "<group>";
		};
		55178F8F224BDDB3001D6BB3 /* Main Page */ = {
			isa = PBXGroup;
			children = (
				55178F92224BDE0A001D6BB3 /* MainPageViewController.swift */,
				55178F94224BDE43001D6BB3 /* MainDetailViewController.swift */,
				55178F9F224BDEE7001D6BB3 /* HistoryDetailCells */,
			);
			name = "Main Page";
			sourceTree = "<group>";
		};
		55178F90224BDDC8001D6BB3 /* FriendsPage */ = {
			isa = PBXGroup;
			children = (
				55178F96224BDE5B001D6BB3 /* FriendsViewController.swift */,
				55178F98224BDE79001D6BB3 /* FriendsDetailViewController.swift */,
				55178F9C224BDE9D001D6BB3 /* FreindCollectionCells */,
			);
			path = FriendsPage;
			sourceTree = "<group>";
		};
		55178F91224BDDE4001D6BB3 /* Settings */ = {
			isa = PBXGroup;
			children = (
				55178FA5224BE010001D6BB3 /* AccountSettingsViewController.swift */,
				096DA6D5224C177F007590CC /* AccountSettingsView.swift */,
				55178FA7224BE02C001D6BB3 /* DetailAccountViewController.swift */,
				096DA6D7224C1798007590CC /* DetailAccountView.swift */,
			);
			name = Settings;
			sourceTree = "<group>";
		};
		55178F9C224BDE9D001D6BB3 /* FreindCollectionCells */ = {
			isa = PBXGroup;
			children = (
				55178F9A224BDE96001D6BB3 /* FirendsCollectionViewCell.swift */,
			);
			path = FreindCollectionCells;
			sourceTree = "<group>";
		};
		55178F9F224BDEE7001D6BB3 /* HistoryDetailCells */ = {
			isa = PBXGroup;
			children = (
				55178F9D224BDEE1001D6BB3 /* HistroyDetailTableViewCell.swift */,
			);
			name = HistoryDetailCells;
			sourceTree = "<group>";
		};
		55178FA2224BDF20001D6BB3 /* Pay/RequestView */ = {
			isa = PBXGroup;
			children = (
				55178FA0224BDF1C001D6BB3 /* PaymentView.swift */,
				55877867224D191E005E62A7 /* FreindPaymentToViewController.swift */,
				55877865224D18E3005E62A7 /* FriendPaymentView.swift */,
				55877863224D18A7005E62A7 /* PaymentToCollectionViewCell.swift */,
				5587785D224CE554005E62A7 /* PaymentViewController.swift */,
				5587785F224CE56F005E62A7 /* RequestViewController.swift */,
				55178FA3224BDF3D001D6BB3 /* RequestView.swift */,
				55877869224D54E4005E62A7 /* FinalPaymentViewController.swift */,
			);
			name = Pay/RequestView;
			sourceTree = "<group>";
		};
		55178FA9224BEF5B001D6BB3 /* LoginSetUp */ = {
			isa = PBXGroup;
			children = (
				55178FAA224BEF79001D6BB3 /* LoginViewController.swift */,
				55178FAC224BEF86001D6BB3 /* CreateViewController.swift */,
				55178FC2224C01AD001D6BB3 /* TabBarController.swift */,
			);
			path = LoginSetUp;
			sourceTree = "<group>";
		};
		55178FB0224BF023001D6BB3 /* FireBase Files */ = {
			isa = PBXGroup;
			children = (
				55178FB1224BF043001D6BB3 /* AuthSerice.swift */,
				55178FB5224BF5B3001D6BB3 /* DBService.swift */,
				55178FB3224BF587001D6BB3 /* DBService+User.swift */,
				096DA6D9224C472E007590CC /* StorageServices.swift */,
				55178FB7224BF5E2001D6BB3 /* CCUser.swift */,
			);
			path = "FireBase Files";
			sourceTree = "<group>";
		};
		55178FB9224BFB63001D6BB3 /* Date+Ext */ = {
			isa = PBXGroup;
			children = (
				55178FBA224BFB7A001D6BB3 /* Date+Ext.swift */,
				55178FBE224C013F001D6BB3 /* Extention+Alert.swift */,
				55178FC0224C016F001D6BB3 /* Extention+Navegation.swift */,
			);
			name = "Date+Ext";
			path = "FireBase Files";
			sourceTree = "<group>";
		};
		605439363A4B3401FCDD6A92 /* Pods */ = {
			isa = PBXGroup;
			children = (
				74BA1614CD8E68AA494A4AFC /* Pods-FellowsCC.debug.xcconfig */,
				4EF7CF0150D6B7E408F81F22 /* Pods-FellowsCC.release.xcconfig */,
			);
			path = Pods;
			sourceTree = "<group>";
		};
/* End PBXGroup section */

/* Begin PBXNativeTarget section */
		55178F79224BDD9F001D6BB3 /* FellowsCC */ = {
			isa = PBXNativeTarget;
			buildConfigurationList = 55178F8C224BDDA2001D6BB3 /* Build configuration list for PBXNativeTarget "FellowsCC" */;
			buildPhases = (
				E3ACBEA2E5E04BABBE035C23 /* [CP] Check Pods Manifest.lock */,
				55178F76224BDD9F001D6BB3 /* Sources */,
				55178F77224BDD9F001D6BB3 /* Frameworks */,
				55178F78224BDD9F001D6BB3 /* Resources */,
				508FC5A87AF8FD371E17B96C /* [CP] Embed Pods Frameworks */,
			);
			buildRules = (
			);
			dependencies = (
			);
			name = FellowsCC;
			productName = FellowsCC;
			productReference = 55178F7A224BDD9F001D6BB3 /* FellowsCC.app */;
			productType = "com.apple.product-type.application";
		};
/* End PBXNativeTarget section */

/* Begin PBXProject section */
		55178F72224BDD9F001D6BB3 /* Project object */ = {
			isa = PBXProject;
			attributes = {
				LastSwiftUpdateCheck = 1010;
				LastUpgradeCheck = 1010;
				ORGANIZATIONNAME = Pursuit;
				TargetAttributes = {
					55178F79224BDD9F001D6BB3 = {
						CreatedOnToolsVersion = 10.1;
					};
				};
			};
			buildConfigurationList = 55178F75224BDD9F001D6BB3 /* Build configuration list for PBXProject "FellowsCC" */;
			compatibilityVersion = "Xcode 9.3";
			developmentRegion = en;
			hasScannedForEncodings = 0;
			knownRegions = (
				en,
				Base,
			);
			mainGroup = 55178F71224BDD9F001D6BB3;
			productRefGroup = 55178F7B224BDD9F001D6BB3 /* Products */;
			projectDirPath = "";
			projectRoot = "";
			targets = (
				55178F79224BDD9F001D6BB3 /* FellowsCC */,
			);
		};
/* End PBXProject section */

/* Begin PBXResourcesBuildPhase section */
		55178F78224BDD9F001D6BB3 /* Resources */ = {
			isa = PBXResourcesBuildPhase;
			buildActionMask = 2147483647;
			files = (
				55178FC7224C070A001D6BB3 /* GoogleService-Info.plist in Resources */,
				55178FAF224BEFB8001D6BB3 /* login.storyboard in Resources */,
				55178F88224BDDA2001D6BB3 /* LaunchScreen.storyboard in Resources */,
				55178F85224BDDA2001D6BB3 /* Assets.xcassets in Resources */,
				55178F83224BDD9F001D6BB3 /* Main.storyboard in Resources */,
			);
			runOnlyForDeploymentPostprocessing = 0;
		};
/* End PBXResourcesBuildPhase section */

/* Begin PBXShellScriptBuildPhase section */
		508FC5A87AF8FD371E17B96C /* [CP] Embed Pods Frameworks */ = {
			isa = PBXShellScriptBuildPhase;
			buildActionMask = 2147483647;
			files = (
			);
			inputFileListPaths = (
			);
			inputPaths = (
				"${PODS_ROOT}/Target Support Files/Pods-FellowsCC/Pods-FellowsCC-frameworks.sh",
				"${BUILT_PRODUCTS_DIR}/BoringSSL-GRPC/openssl_grpc.framework",
				"${BUILT_PRODUCTS_DIR}/GTMSessionFetcher/GTMSessionFetcher.framework",
				"${BUILT_PRODUCTS_DIR}/GoogleUtilities/GoogleUtilities.framework",
				"${BUILT_PRODUCTS_DIR}/Kingfisher/Kingfisher.framework",
				"${BUILT_PRODUCTS_DIR}/Protobuf/Protobuf.framework",
				"${BUILT_PRODUCTS_DIR}/Toucan/Toucan.framework",
				"${BUILT_PRODUCTS_DIR}/gRPC-C++/grpcpp.framework",
				"${BUILT_PRODUCTS_DIR}/gRPC-Core/grpc.framework",
				"${BUILT_PRODUCTS_DIR}/leveldb-library/leveldb.framework",
				"${BUILT_PRODUCTS_DIR}/nanopb/nanopb.framework",
			);
			name = "[CP] Embed Pods Frameworks";
			outputFileListPaths = (
			);
			outputPaths = (
				"${TARGET_BUILD_DIR}/${FRAMEWORKS_FOLDER_PATH}/openssl_grpc.framework",
				"${TARGET_BUILD_DIR}/${FRAMEWORKS_FOLDER_PATH}/GTMSessionFetcher.framework",
				"${TARGET_BUILD_DIR}/${FRAMEWORKS_FOLDER_PATH}/GoogleUtilities.framework",
				"${TARGET_BUILD_DIR}/${FRAMEWORKS_FOLDER_PATH}/Kingfisher.framework",
				"${TARGET_BUILD_DIR}/${FRAMEWORKS_FOLDER_PATH}/Protobuf.framework",
				"${TARGET_BUILD_DIR}/${FRAMEWORKS_FOLDER_PATH}/Toucan.framework",
				"${TARGET_BUILD_DIR}/${FRAMEWORKS_FOLDER_PATH}/grpcpp.framework",
				"${TARGET_BUILD_DIR}/${FRAMEWORKS_FOLDER_PATH}/grpc.framework",
				"${TARGET_BUILD_DIR}/${FRAMEWORKS_FOLDER_PATH}/leveldb.framework",
				"${TARGET_BUILD_DIR}/${FRAMEWORKS_FOLDER_PATH}/nanopb.framework",
			);
			runOnlyForDeploymentPostprocessing = 0;
			shellPath = /bin/sh;
			shellScript = "\"${PODS_ROOT}/Target Support Files/Pods-FellowsCC/Pods-FellowsCC-frameworks.sh\"\n";
			showEnvVarsInLog = 0;
		};
		E3ACBEA2E5E04BABBE035C23 /* [CP] Check Pods Manifest.lock */ = {
			isa = PBXShellScriptBuildPhase;
			buildActionMask = 2147483647;
			files = (
			);
			inputFileListPaths = (
			);
			inputPaths = (
				"${PODS_PODFILE_DIR_PATH}/Podfile.lock",
				"${PODS_ROOT}/Manifest.lock",
			);
			name = "[CP] Check Pods Manifest.lock";
			outputFileListPaths = (
			);
			outputPaths = (
				"$(DERIVED_FILE_DIR)/Pods-FellowsCC-checkManifestLockResult.txt",
			);
			runOnlyForDeploymentPostprocessing = 0;
			shellPath = /bin/sh;
			shellScript = "diff \"${PODS_PODFILE_DIR_PATH}/Podfile.lock\" \"${PODS_ROOT}/Manifest.lock\" > /dev/null\nif [ $? != 0 ] ; then\n    # print error to STDERR\n    echo \"error: The sandbox is not in sync with the Podfile.lock. Run 'pod install' or update your CocoaPods installation.\" >&2\n    exit 1\nfi\n# This output is used by Xcode 'outputs' to avoid re-running this script phase.\necho \"SUCCESS\" > \"${SCRIPT_OUTPUT_FILE_0}\"\n";
			showEnvVarsInLog = 0;
		};
/* End PBXShellScriptBuildPhase section */

/* Begin PBXSourcesBuildPhase section */
		55178F76224BDD9F001D6BB3 /* Sources */ = {
			isa = PBXSourcesBuildPhase;
			buildActionMask = 2147483647;
			files = (
				55178FBF224C013F001D6BB3 /* Extention+Alert.swift in Sources */,
				55178FB8224BF5E2001D6BB3 /* CCUser.swift in Sources */,
				55178FAB224BEF79001D6BB3 /* LoginViewController.swift in Sources */,
				55178FB6224BF5B3001D6BB3 /* DBService.swift in Sources */,
				55178FA4224BDF3D001D6BB3 /* RequestView.swift in Sources */,
				55178F95224BDE43001D6BB3 /* MainDetailViewController.swift in Sources */,
				6754F3C7224D5F8200A32075 /* LabelTableViewCell.swift in Sources */,
				55178FC1224C016F001D6BB3 /* Extention+Navegation.swift in Sources */,
				55178F9B224BDE96001D6BB3 /* FirendsCollectionViewCell.swift in Sources */,
				55178F97224BDE5B001D6BB3 /* FriendsViewController.swift in Sources */,
				5587786A224D54E4005E62A7 /* FinalPaymentViewController.swift in Sources */,
				55877866224D18E3005E62A7 /* FriendPaymentView.swift in Sources */,
				55877868224D191E005E62A7 /* FreindPaymentToViewController.swift in Sources */,
				096DA6DA224C472E007590CC /* StorageServices.swift in Sources */,
				55178FB4224BF587001D6BB3 /* DBService+User.swift in Sources */,
				55178FA6224BE010001D6BB3 /* AccountSettingsViewController.swift in Sources */,
				55178FBB224BFB7A001D6BB3 /* Date+Ext.swift in Sources */,
				55178FA8224BE02C001D6BB3 /* DetailAccountViewController.swift in Sources */,
				55877860224CE56F005E62A7 /* RequestViewController.swift in Sources */,
				55178F93224BDE0A001D6BB3 /* MainPageViewController.swift in Sources */,
				55178F7E224BDD9F001D6BB3 /* AppDelegate.swift in Sources */,
				67FD3B2E224C3A1900088228 /* FriendDetailView.swift in Sources */,
				096DA6D6224C177F007590CC /* AccountSettingsView.swift in Sources */,
				55178FAD224BEF86001D6BB3 /* CreateViewController.swift in Sources */,
				55178FA1224BDF1C001D6BB3 /* PaymentView.swift in Sources */,
				5587785E224CE554005E62A7 /* PaymentViewController.swift in Sources */,
				55178F9E224BDEE1001D6BB3 /* HistroyDetailTableViewCell.swift in Sources */,
				55877864224D18A7005E62A7 /* PaymentToCollectionViewCell.swift in Sources */,
				55178FC3224C01AD001D6BB3 /* TabBarController.swift in Sources */,
				55178FB2224BF043001D6BB3 /* AuthSerice.swift in Sources */,
				67FD3B2C224C179A00088228 /* FriendView.swift in Sources */,
				096DA6D8224C1798007590CC /* DetailAccountView.swift in Sources */,
				55178F99224BDE79001D6BB3 /* FriendsDetailViewController.swift in Sources */,
			);
			runOnlyForDeploymentPostprocessing = 0;
		};
/* End PBXSourcesBuildPhase section */

/* Begin PBXVariantGroup section */
		55178F81224BDD9F001D6BB3 /* Main.storyboard */ = {
			isa = PBXVariantGroup;
			children = (
				55178F82224BDD9F001D6BB3 /* Base */,
			);
			name = Main.storyboard;
			sourceTree = "<group>";
		};
		55178F86224BDDA2001D6BB3 /* LaunchScreen.storyboard */ = {
			isa = PBXVariantGroup;
			children = (
				55178F87224BDDA2001D6BB3 /* Base */,
			);
			name = LaunchScreen.storyboard;
			sourceTree = "<group>";
		};
/* End PBXVariantGroup section */

/* Begin XCBuildConfiguration section */
		55178F8A224BDDA2001D6BB3 /* Debug */ = {
			isa = XCBuildConfiguration;
			buildSettings = {
				ALWAYS_SEARCH_USER_PATHS = NO;
				CLANG_ANALYZER_NONNULL = YES;
				CLANG_ANALYZER_NUMBER_OBJECT_CONVERSION = YES_AGGRESSIVE;
				CLANG_CXX_LANGUAGE_STANDARD = "gnu++14";
				CLANG_CXX_LIBRARY = "libc++";
				CLANG_ENABLE_MODULES = YES;
				CLANG_ENABLE_OBJC_ARC = YES;
				CLANG_ENABLE_OBJC_WEAK = YES;
				CLANG_WARN_BLOCK_CAPTURE_AUTORELEASING = YES;
				CLANG_WARN_BOOL_CONVERSION = YES;
				CLANG_WARN_COMMA = YES;
				CLANG_WARN_CONSTANT_CONVERSION = YES;
				CLANG_WARN_DEPRECATED_OBJC_IMPLEMENTATIONS = YES;
				CLANG_WARN_DIRECT_OBJC_ISA_USAGE = YES_ERROR;
				CLANG_WARN_DOCUMENTATION_COMMENTS = YES;
				CLANG_WARN_EMPTY_BODY = YES;
				CLANG_WARN_ENUM_CONVERSION = YES;
				CLANG_WARN_INFINITE_RECURSION = YES;
				CLANG_WARN_INT_CONVERSION = YES;
				CLANG_WARN_NON_LITERAL_NULL_CONVERSION = YES;
				CLANG_WARN_OBJC_IMPLICIT_RETAIN_SELF = YES;
				CLANG_WARN_OBJC_LITERAL_CONVERSION = YES;
				CLANG_WARN_OBJC_ROOT_CLASS = YES_ERROR;
				CLANG_WARN_RANGE_LOOP_ANALYSIS = YES;
				CLANG_WARN_STRICT_PROTOTYPES = YES;
				CLANG_WARN_SUSPICIOUS_MOVE = YES;
				CLANG_WARN_UNGUARDED_AVAILABILITY = YES_AGGRESSIVE;
				CLANG_WARN_UNREACHABLE_CODE = YES;
				CLANG_WARN__DUPLICATE_METHOD_MATCH = YES;
				CODE_SIGN_IDENTITY = "iPhone Developer";
				COPY_PHASE_STRIP = NO;
				DEBUG_INFORMATION_FORMAT = dwarf;
				ENABLE_STRICT_OBJC_MSGSEND = YES;
				ENABLE_TESTABILITY = YES;
				GCC_C_LANGUAGE_STANDARD = gnu11;
				GCC_DYNAMIC_NO_PIC = NO;
				GCC_NO_COMMON_BLOCKS = YES;
				GCC_OPTIMIZATION_LEVEL = 0;
				GCC_PREPROCESSOR_DEFINITIONS = (
					"DEBUG=1",
					"$(inherited)",
				);
				GCC_WARN_64_TO_32_BIT_CONVERSION = YES;
				GCC_WARN_ABOUT_RETURN_TYPE = YES_ERROR;
				GCC_WARN_UNDECLARED_SELECTOR = YES;
				GCC_WARN_UNINITIALIZED_AUTOS = YES_AGGRESSIVE;
				GCC_WARN_UNUSED_FUNCTION = YES;
				GCC_WARN_UNUSED_VARIABLE = YES;
				IPHONEOS_DEPLOYMENT_TARGET = 12.1;
				MTL_ENABLE_DEBUG_INFO = INCLUDE_SOURCE;
				MTL_FAST_MATH = YES;
				ONLY_ACTIVE_ARCH = YES;
				SDKROOT = iphoneos;
				SWIFT_ACTIVE_COMPILATION_CONDITIONS = DEBUG;
				SWIFT_OPTIMIZATION_LEVEL = "-Onone";
			};
			name = Debug;
		};
		55178F8B224BDDA2001D6BB3 /* Release */ = {
			isa = XCBuildConfiguration;
			buildSettings = {
				ALWAYS_SEARCH_USER_PATHS = NO;
				CLANG_ANALYZER_NONNULL = YES;
				CLANG_ANALYZER_NUMBER_OBJECT_CONVERSION = YES_AGGRESSIVE;
				CLANG_CXX_LANGUAGE_STANDARD = "gnu++14";
				CLANG_CXX_LIBRARY = "libc++";
				CLANG_ENABLE_MODULES = YES;
				CLANG_ENABLE_OBJC_ARC = YES;
				CLANG_ENABLE_OBJC_WEAK = YES;
				CLANG_WARN_BLOCK_CAPTURE_AUTORELEASING = YES;
				CLANG_WARN_BOOL_CONVERSION = YES;
				CLANG_WARN_COMMA = YES;
				CLANG_WARN_CONSTANT_CONVERSION = YES;
				CLANG_WARN_DEPRECATED_OBJC_IMPLEMENTATIONS = YES;
				CLANG_WARN_DIRECT_OBJC_ISA_USAGE = YES_ERROR;
				CLANG_WARN_DOCUMENTATION_COMMENTS = YES;
				CLANG_WARN_EMPTY_BODY = YES;
				CLANG_WARN_ENUM_CONVERSION = YES;
				CLANG_WARN_INFINITE_RECURSION = YES;
				CLANG_WARN_INT_CONVERSION = YES;
				CLANG_WARN_NON_LITERAL_NULL_CONVERSION = YES;
				CLANG_WARN_OBJC_IMPLICIT_RETAIN_SELF = YES;
				CLANG_WARN_OBJC_LITERAL_CONVERSION = YES;
				CLANG_WARN_OBJC_ROOT_CLASS = YES_ERROR;
				CLANG_WARN_RANGE_LOOP_ANALYSIS = YES;
				CLANG_WARN_STRICT_PROTOTYPES = YES;
				CLANG_WARN_SUSPICIOUS_MOVE = YES;
				CLANG_WARN_UNGUARDED_AVAILABILITY = YES_AGGRESSIVE;
				CLANG_WARN_UNREACHABLE_CODE = YES;
				CLANG_WARN__DUPLICATE_METHOD_MATCH = YES;
				CODE_SIGN_IDENTITY = "iPhone Developer";
				COPY_PHASE_STRIP = NO;
				DEBUG_INFORMATION_FORMAT = "dwarf-with-dsym";
				ENABLE_NS_ASSERTIONS = NO;
				ENABLE_STRICT_OBJC_MSGSEND = YES;
				GCC_C_LANGUAGE_STANDARD = gnu11;
				GCC_NO_COMMON_BLOCKS = YES;
				GCC_WARN_64_TO_32_BIT_CONVERSION = YES;
				GCC_WARN_ABOUT_RETURN_TYPE = YES_ERROR;
				GCC_WARN_UNDECLARED_SELECTOR = YES;
				GCC_WARN_UNINITIALIZED_AUTOS = YES_AGGRESSIVE;
				GCC_WARN_UNUSED_FUNCTION = YES;
				GCC_WARN_UNUSED_VARIABLE = YES;
				IPHONEOS_DEPLOYMENT_TARGET = 12.1;
				MTL_ENABLE_DEBUG_INFO = NO;
				MTL_FAST_MATH = YES;
				SDKROOT = iphoneos;
				SWIFT_COMPILATION_MODE = wholemodule;
				SWIFT_OPTIMIZATION_LEVEL = "-O";
				VALIDATE_PRODUCT = YES;
			};
			name = Release;
		};
		55178F8D224BDDA2001D6BB3 /* Debug */ = {
			isa = XCBuildConfiguration;
			baseConfigurationReference = 74BA1614CD8E68AA494A4AFC /* Pods-FellowsCC.debug.xcconfig */;
			buildSettings = {
				ASSETCATALOG_COMPILER_APPICON_NAME = AppIcon;
				CODE_SIGN_STYLE = Automatic;
				DEVELOPMENT_TEAM = H6HD3SW977;
				INFOPLIST_FILE = FellowsCC/Info.plist;
				LD_RUNPATH_SEARCH_PATHS = (
					"$(inherited)",
					"@executable_path/Frameworks",
				);
				PRODUCT_BUNDLE_IDENTIFIER = "Antonio-Flores.FellowsCC";
				PRODUCT_NAME = "$(TARGET_NAME)";
				SWIFT_VERSION = 4.2;
				TARGETED_DEVICE_FAMILY = "1,2";
			};
			name = Debug;
		};
		55178F8E224BDDA2001D6BB3 /* Release */ = {
			isa = XCBuildConfiguration;
			baseConfigurationReference = 4EF7CF0150D6B7E408F81F22 /* Pods-FellowsCC.release.xcconfig */;
			buildSettings = {
				ASSETCATALOG_COMPILER_APPICON_NAME = AppIcon;
				CODE_SIGN_STYLE = Automatic;
				DEVELOPMENT_TEAM = H6HD3SW977;
				INFOPLIST_FILE = FellowsCC/Info.plist;
				LD_RUNPATH_SEARCH_PATHS = (
					"$(inherited)",
					"@executable_path/Frameworks",
				);
				PRODUCT_BUNDLE_IDENTIFIER = "Antonio-Flores.FellowsCC";
				PRODUCT_NAME = "$(TARGET_NAME)";
				SWIFT_VERSION = 4.2;
				TARGETED_DEVICE_FAMILY = "1,2";
			};
			name = Release;
		};
/* End XCBuildConfiguration section */

/* Begin XCConfigurationList section */
		55178F75224BDD9F001D6BB3 /* Build configuration list for PBXProject "FellowsCC" */ = {
			isa = XCConfigurationList;
			buildConfigurations = (
				55178F8A224BDDA2001D6BB3 /* Debug */,
				55178F8B224BDDA2001D6BB3 /* Release */,
			);
			defaultConfigurationIsVisible = 0;
			defaultConfigurationName = Release;
		};
		55178F8C224BDDA2001D6BB3 /* Build configuration list for PBXNativeTarget "FellowsCC" */ = {
			isa = XCConfigurationList;
			buildConfigurations = (
				55178F8D224BDDA2001D6BB3 /* Debug */,
				55178F8E224BDDA2001D6BB3 /* Release */,
			);
			defaultConfigurationIsVisible = 0;
			defaultConfigurationName = Release;
		};
/* End XCConfigurationList section */
	};
	rootObject = 55178F72224BDD9F001D6BB3 /* Project object */;
}
